
Microsoft Visual Studio Solution File, Format Version 12.00
# Visual Studio Version 16
VisualStudioVersion = 16.0.29020.237
MinimumVisualStudioVersion = 10.0.40219.1
Project("{9A19103F-16F7-4668-BE54-9A1E7A4F7556}") = "MathExLibraryTest", "MathExLibraryTest\MathExLibraryTest.csproj", "{B6F75698-044E-4693-B401-363FA2667B1B}"
EndProject
Project("{9A19103F-16F7-4668-BE54-9A1E7A4F7556}") = "MathRoundExtension", "MathRoundExtension\MathRoundExtension.csproj", "{0C8526E1-43EB-4836-836D-1AFB9BA6B0FB}"
EndProject
Global
	GlobalSection(SolutionConfigurationPlatforms) = preSolution
		Debug|Any CPU = Debug|Any CPU
		Release|Any CPU = Release|Any CPU
	EndGlobalSection
	GlobalSection(ProjectConfigurationPlatforms) = postSolution
		{B6F75698-044E-4693-B401-363FA2667B1B}.Debug|Any CPU.ActiveCfg = Debug|Any CPU
		{B6F75698-044E-4693-B401-363FA2667B1B}.Debug|Any CPU.Build.0 = Debug|Any CPU
		{B6F75698-044E-4693-B401-363FA2667B1B}.Release|Any CPU.ActiveCfg = Release|Any CPU
		{B6F75698-044E-4693-B401-363FA2667B1B}.Release|Any CPU.Build.0 = Release|Any CPU
		{0C8526E1-43EB-4836-836D-1AFB9BA6B0FB}.Debug|Any CPU.ActiveCfg = Debug|Any CPU
		{0C8526E1-43EB-4836-836D-1AFB9BA6B0FB}.Debug|Any CPU.Build.0 = Debug|Any CPU
		{0C8526E1-43EB-4836-836D-1AFB9BA6B0FB}.Release|Any CPU.ActiveCfg = Release|Any CPU
		{0C8526E1-43EB-4836-836D-1AFB9BA6B0FB}.Release|Any CPU.Build.0 = Release|Any CPU
	EndGlobalSection
	GlobalSection(SolutionProperties) = preSolution
		HideSolutionNode = FALSE
	EndGlobalSection
	GlobalSection(ExtensibilityGlobals) = postSolution
		SolutionGuid = {F5A08FA9-D92C-49DE-A399-C24D8CC5A925}
	EndGlobalSection
EndGlobal
